
Microsoft Visual Studio Solution File, Format Version 12.00
# Visual Studio 2012
Project("{8BC9CEB8-8B4A-11D0-8D11-00A0C91BC942}") = "OpenGl", "OpenGl\OpenGl.vcxproj", "{89904A45-7D54-42D4-BD09-7F9B17E36BBF}"
EndProject
Global
	GlobalSection(SolutionConfigurationPlatforms) = preSolution
		Debug|Win32 = Debug|Win32
		Release|Win32 = Release|Win32
	EndGlobalSection
	GlobalSection(ProjectConfigurationPlatforms) = postSolution
		{89904A45-7D54-42D4-BD09-7F9B17E36BBF}.Debug|Win32.ActiveCfg = Debug|Win32
		{89904A45-7D54-42D4-BD09-7F9B17E36BBF}.Debug|Win32.Build.0 = Debug|Win32
		{89904A45-7D54-42D4-BD09-7F9B17E36BBF}.Release|Win32.ActiveCfg = Release|Win32
		{89904A45-7D54-42D4-BD09-7F9B17E36BBF}.Release|Win32.Build.0 = Release|Win32
	EndGlobalSection
	GlobalSection(SolutionProperties) = preSolution
		HideSolutionNode = FALSE
	EndGlobalSection
EndGlobal
